
Microsoft Visual Studio Solution File, Format Version 12.00
# Visual Studio 15
VisualStudioVersion = 15.0.26124.0
MinimumVisualStudioVersion = 15.0.26124.0
Project("{FAE04EC0-301F-11D3-BF4B-00C04F79EFBC}") = "FluentEcpay", "FluentEcpay\FluentEcpay.csproj", "{DBAAB953-D7D7-4C7C-A84A-66BF5EA79568}"
EndProject
Project("{FAE04EC0-301F-11D3-BF4B-00C04F79EFBC}") = "FluentEcpay.Test", "FluentEcpay.Test\FluentEcpay.Test.csproj", "{8CFAE6B8-0076-4627-8217-04361CADFC3C}"
EndProject
Global
	GlobalSection(SolutionConfigurationPlatforms) = preSolution
		Debug|Any CPU = Debug|Any CPU
		Debug|x64 = Debug|x64
		Debug|x86 = Debug|x86
		Release|Any CPU = Release|Any CPU
		Release|x64 = Release|x64
		Release|x86 = Release|x86
	EndGlobalSection
	GlobalSection(SolutionProperties) = preSolution
		HideSolutionNode = FALSE
	EndGlobalSection
	GlobalSection(ProjectConfigurationPlatforms) = postSolution
		{DBAAB953-D7D7-4C7C-A84A-66BF5EA79568}.Debug|Any CPU.ActiveCfg = Debug|Any CPU
		{DBAAB953-D7D7-4C7C-A84A-66BF5EA79568}.Debug|Any CPU.Build.0 = Debug|Any CPU
		{DBAAB953-D7D7-4C7C-A84A-66BF5EA79568}.Debug|x64.ActiveCfg = Debug|Any CPU
		{DBAAB953-D7D7-4C7C-A84A-66BF5EA79568}.Debug|x64.Build.0 = Debug|Any CPU
		{DBAAB953-D7D7-4C7C-A84A-66BF5EA79568}.Debug|x86.ActiveCfg = Debug|Any CPU
		{DBAAB953-D7D7-4C7C-A84A-66BF5EA79568}.Debug|x86.Build.0 = Debug|Any CPU
		{DBAAB953-D7D7-4C7C-A84A-66BF5EA79568}.Release|Any CPU.ActiveCfg = Release|Any CPU
		{DBAAB953-D7D7-4C7C-A84A-66BF5EA79568}.Release|Any CPU.Build.0 = Release|Any CPU
		{DBAAB953-D7D7-4C7C-A84A-66BF5EA79568}.Release|x64.ActiveCfg = Release|Any CPU
		{DBAAB953-D7D7-4C7C-A84A-66BF5EA79568}.Release|x64.Build.0 = Release|Any CPU
		{DBAAB953-D7D7-4C7C-A84A-66BF5EA79568}.Release|x86.ActiveCfg = Release|Any CPU
		{DBAAB953-D7D7-4C7C-A84A-66BF5EA79568}.Release|x86.Build.0 = Release|Any CPU
		{8CFAE6B8-0076-4627-8217-04361CADFC3C}.Debug|Any CPU.ActiveCfg = Debug|Any CPU
		{8CFAE6B8-0076-4627-8217-04361CADFC3C}.Debug|Any CPU.Build.0 = Debug|Any CPU
		{8CFAE6B8-0076-4627-8217-04361CADFC3C}.Debug|x64.ActiveCfg = Debug|Any CPU
		{8CFAE6B8-0076-4627-8217-04361CADFC3C}.Debug|x64.Build.0 = Debug|Any CPU
		{8CFAE6B8-0076-4627-8217-04361CADFC3C}.Debug|x86.ActiveCfg = Debug|Any CPU
		{8CFAE6B8-0076-4627-8217-04361CADFC3C}.Debug|x86.Build.0 = Debug|Any CPU
		{8CFAE6B8-0076-4627-8217-04361CADFC3C}.Release|Any CPU.ActiveCfg = Release|Any CPU
		{8CFAE6B8-0076-4627-8217-04361CADFC3C}.Release|Any CPU.Build.0 = Release|Any CPU
		{8CFAE6B8-0076-4627-8217-04361CADFC3C}.Release|x64.ActiveCfg = Release|Any CPU
		{8CFAE6B8-0076-4627-8217-04361CADFC3C}.Release|x64.Build.0 = Release|Any CPU
		{8CFAE6B8-0076-4627-8217-04361CADFC3C}.Release|x86.ActiveCfg = Release|Any CPU
		{8CFAE6B8-0076-4627-8217-04361CADFC3C}.Release|x86.Build.0 = Release|Any CPU
	EndGlobalSection
EndGlobal
